
Microsoft Visual Studio Solution File, Format Version 12.00
# Visual Studio Version 16
VisualStudioVersion = 16.0.31205.134
MinimumVisualStudioVersion = 10.0.40219.1
Project("{FAE04EC0-301F-11D3-BF4B-00C04F79EFBC}") = "SPAVanillaJS", "SPAVanillaJS\SPAVanillaJS.csproj", "{5A756300-8D40-4903-B365-8EAA1AC1DD49}"
EndProject
Global
	GlobalSection(SolutionConfigurationPlatforms) = preSolution
		Debug|Any CPU = Debug|Any CPU
		Release|Any CPU = Release|Any CPU
	EndGlobalSection
	GlobalSection(ProjectConfigurationPlatforms) = postSolution
		{5A756300-8D40-4903-B365-8EAA1AC1DD49}.Debug|Any CPU.ActiveCfg = Debug|Any CPU
		{5A756300-8D40-4903-B365-8EAA1AC1DD49}.Debug|Any CPU.Build.0 = Debug|Any CPU
		{5A756300-8D40-4903-B365-8EAA1AC1DD49}.Release|Any CPU.ActiveCfg = Release|Any CPU
		{5A756300-8D40-4903-B365-8EAA1AC1DD49}.Release|Any CPU.Build.0 = Release|Any CPU
	EndGlobalSection
	GlobalSection(SolutionProperties) = preSolution
		HideSolutionNode = FALSE
	EndGlobalSection
	GlobalSection(ExtensibilityGlobals) = postSolution
		SolutionGuid = {56B92E94-A7F1-4BE6-B769-0184F8B4C9F6}
	EndGlobalSection
EndGlobal
